
Microsoft Visual Studio Solution File, Format Version 12.00
# Visual Studio Version 16
VisualStudioVersion = 16.0.30503.244
MinimumVisualStudioVersion = 10.0.40219.1
Project("{FAE04EC0-301F-11D3-BF4B-00C04F79EFBC}") = "ABookProblem_RestSharp", "ABookProblem_RestSharp.csproj", "{4ABCDFF2-F777-4FE5-BB73-7BB01BE366D6}"
EndProject
Global
	GlobalSection(SolutionConfigurationPlatforms) = preSolution
		Debug|Any CPU = Debug|Any CPU
		Release|Any CPU = Release|Any CPU
	EndGlobalSection
	GlobalSection(ProjectConfigurationPlatforms) = postSolution
		{4ABCDFF2-F777-4FE5-BB73-7BB01BE366D6}.Debug|Any CPU.ActiveCfg = Debug|Any CPU
		{4ABCDFF2-F777-4FE5-BB73-7BB01BE366D6}.Debug|Any CPU.Build.0 = Debug|Any CPU
		{4ABCDFF2-F777-4FE5-BB73-7BB01BE366D6}.Release|Any CPU.ActiveCfg = Release|Any CPU
		{4ABCDFF2-F777-4FE5-BB73-7BB01BE366D6}.Release|Any CPU.Build.0 = Release|Any CPU
	EndGlobalSection
	GlobalSection(SolutionProperties) = preSolution
		HideSolutionNode = FALSE
	EndGlobalSection
	GlobalSection(ExtensibilityGlobals) = postSolution
		SolutionGuid = {9E94D56D-4612-494F-80D7-464CA926F96D}
	EndGlobalSection
EndGlobal
